
Microsoft Visual Studio Solution File, Format Version 12.00
# Visual Studio Version 16
VisualStudioVersion = 16.0.30717.126
MinimumVisualStudioVersion = 10.0.40219.1
Project("{FAE04EC0-301F-11D3-BF4B-00C04F79EFBC}") = "lab1_mbo", "lab1_mbo\lab1_mbo.csproj", "{8B767A85-871E-4024-81EA-D285E3F64C0E}"
EndProject
Global
	GlobalSection(SolutionConfigurationPlatforms) = preSolution
		Debug|Any CPU = Debug|Any CPU
		Release|Any CPU = Release|Any CPU
	EndGlobalSection
	GlobalSection(ProjectConfigurationPlatforms) = postSolution
		{8B767A85-871E-4024-81EA-D285E3F64C0E}.Debug|Any CPU.ActiveCfg = Debug|Any CPU
		{8B767A85-871E-4024-81EA-D285E3F64C0E}.Debug|Any CPU.Build.0 = Debug|Any CPU
		{8B767A85-871E-4024-81EA-D285E3F64C0E}.Release|Any CPU.ActiveCfg = Release|Any CPU
		{8B767A85-871E-4024-81EA-D285E3F64C0E}.Release|Any CPU.Build.0 = Release|Any CPU
	EndGlobalSection
	GlobalSection(SolutionProperties) = preSolution
		HideSolutionNode = FALSE
	EndGlobalSection
	GlobalSection(ExtensibilityGlobals) = postSolution
		SolutionGuid = {2F37F3C7-CF36-4E4D-A3F1-72B604494196}
	EndGlobalSection
EndGlobal
